3c32cc338d5e805fee18aea89046e4bbe4205b4e5c3118569d957598c79672a6  /home/snailbaron/c/gobzel/multitool.lock.json
9ad6a4a9b5f5c48a35b2d7a4af0633f2a36d9010b08a191f446adb82a2f3b7f2  /home/snailbaron/c/gobzel/MODULE.bazel
ae64b092ac6601ca00123502542daa41aa6a1cb58a52d1c0a1b45dd9bf1222f8  /home/snailbaron/c/gobzel/go.mod
